{
  "name": "bundlepacks",
  "version": "1.0.0",
  "lockfileVersion": 3,
  "requires": true,
  "packages": {
    "": {
      "name": "bundlepacks",
      "version": "1.0.0",
      "license": "ISC",
      "dependencies": {
        "@minecraft/math": "^1.3.4",
        "@minecraft/server": "^1.10.0-beta.1.20.70-preview.25"
      }
    },
    "node_modules/@minecraft/common": {
      "version": "1.1.0",
      "resolved": "https://registry.npmjs.org/@minecraft/common/-/common-1.1.0.tgz",
      "integrity": "sha512-stbUtINCXbcLNRlGNVX68xRC6ZYq3k3CYmfptwrCcPBEUjVOpVkSj3H4Y0qiSYB+1rVWv7DgiP7Uf9++50Ne5g=="
    },
    "node_modules/@minecraft/math": {
      "version": "1.3.4",
      "resolved": "https://registry.npmjs.org/@minecraft/math/-/math-1.3.4.tgz",
      "integrity": "sha512-QoVkHVoA8oAsTmQoGnFpm7n4UHx+t9o2D7O4Tiy4xMokv38HczwRT9x/LzUyvFu0felF1nRVBTH/d8QxW1GhoA==",
      "peerDependencies": {
        "@minecraft/server": "^1.6.0"
      }
    },
    "node_modules/@minecraft/server": {
      "version": "1.10.0-beta.1.20.70-preview.25",
      "resolved": "https://registry.npmjs.org/@minecraft/server/-/server-1.10.0-beta.1.20.70-preview.25.tgz",
      "integrity": "sha512-FNpHUPVxVUcTYxe8/57Q84J4hpoa6nq/xuPEur/2gEUrjE3zBi9pLFDkA4CQDFLGzIisTidBUldcbS3xf1/5pw==",
      "dependencies": {
        "@minecraft/common": "^1.1.0"
      }
    }
  }
}
